Microsoft Visual Studio Solution File, Format Version 12.00
# Visual Studio Version 17
VisualStudioVersion = 17.5.2.0
MinimumVisualStudioVersion = 10.0.40219.1
Project("{FAE04EC0-301F-11D3-BF4B-00C04F79EFBC}") = "InvalidatedRecipientIdEmail", "InvalidatedRecipientIdEmail.csproj", "{777CD202-E062-C10D-95BC-7538CAB5A912}"
EndProject
Global
	GlobalSection(SolutionConfigurationPlatforms) = preSolution
		Debug|Any CPU = Debug|Any CPU
		Release|Any CPU = Release|Any CPU
	EndGlobalSection
	GlobalSection(ProjectConfigurationPlatforms) = postSolution
		{777CD202-E062-C10D-95BC-7538CAB5A912}.Debug|Any CPU.ActiveCfg = Debug|Any CPU
		{777CD202-E062-C10D-95BC-7538CAB5A912}.Debug|Any CPU.Build.0 = Debug|Any CPU
		{777CD202-E062-C10D-95BC-7538CAB5A912}.Release|Any CPU.ActiveCfg = Release|Any CPU
		{777CD202-E062-C10D-95BC-7538CAB5A912}.Release|Any CPU.Build.0 = Release|Any CPU
	EndGlobalSection
	GlobalSection(SolutionProperties) = preSolution
		HideSolutionNode = FALSE
	EndGlobalSection
	GlobalSection(ExtensibilityGlobals) = postSolution
		SolutionGuid = {A97185D6-7ED6-4EE7-83AF-567E05C07B03}
	EndGlobalSection
EndGlobal
